<Solution>
  <Folder Name="/src/">
    <Project Path="src/OsduCsharpClient/OsduCsharpClient.csproj" />
  </Folder>
  <Folder Name="/tests/">
    <Project Path="tests/OsduCsharpClient.IntegrationTests/OsduCsharpClient.IntegrationTests.csproj" />
    <Project Path="tests/OsduCsharpClient.Tests/OsduCsharpClient.Tests.csproj" />
  </Folder>
</Solution>
